
Microsoft Visual Studio Solution File, Format Version 12.00
# Visual Studio Version 17
VisualStudioVersion = 17.8.34316.72
MinimumVisualStudioVersion = 10.0.40219.1
Project("{9A19103F-16F7-4668-BE54-9A1E7A4F7556}") = "PangeaRateCalculator", "PangeaCode\PangeaRateCalculator.csproj", "{DD928441-DF23-4D57-ADF4-532FE5A8D536}"
EndProject
Project("{9A19103F-16F7-4668-BE54-9A1E7A4F7556}") = "PangeaRateAPI", "PangeaRateAPI\PangeaRateAPI.csproj", "{4DF5016A-0F16-4228-AA24-360A1B9BF953}"
EndProject
Global
	GlobalSection(SolutionConfigurationPlatforms) = preSolution
		Debug|Any CPU = Debug|Any CPU
		Release|Any CPU = Release|Any CPU
	EndGlobalSection
	GlobalSection(ProjectConfigurationPlatforms) = postSolution
		{DD928441-DF23-4D57-ADF4-532FE5A8D536}.Debug|Any CPU.ActiveCfg = Debug|Any CPU
		{DD928441-DF23-4D57-ADF4-532FE5A8D536}.Debug|Any CPU.Build.0 = Debug|Any CPU
		{DD928441-DF23-4D57-ADF4-532FE5A8D536}.Release|Any CPU.ActiveCfg = Release|Any CPU
		{DD928441-DF23-4D57-ADF4-532FE5A8D536}.Release|Any CPU.Build.0 = Release|Any CPU
		{4DF5016A-0F16-4228-AA24-360A1B9BF953}.Debug|Any CPU.ActiveCfg = Debug|Any CPU
		{4DF5016A-0F16-4228-AA24-360A1B9BF953}.Debug|Any CPU.Build.0 = Debug|Any CPU
		{4DF5016A-0F16-4228-AA24-360A1B9BF953}.Release|Any CPU.ActiveCfg = Release|Any CPU
		{4DF5016A-0F16-4228-AA24-360A1B9BF953}.Release|Any CPU.Build.0 = Release|Any CPU
	EndGlobalSection
	GlobalSection(SolutionProperties) = preSolution
		HideSolutionNode = FALSE
	EndGlobalSection
	GlobalSection(ExtensibilityGlobals) = postSolution
		SolutionGuid = {A95EE403-0E68-46E7-A6CE-1CD3E8E6652A}
	EndGlobalSection
EndGlobal
